<?xml version="1.0" encoding="utf-8"?>
<Project ToolsVersion="4.0" xmlns="http://schemas.microsoft.com/developer/msbuild/2003">
  <ItemGroup>
    <Filter Include="Source Files">
      <UniqueIdentifier>{4FC737F1-C7A5-4376-A066-2A32D752A2FF}</UniqueIdentifier>
      <Extensions>cpp;c;cc;cxx;def;odl;idl;hpj;bat;asm;asmx</Extensions>
    </Filter>
    <Filter Include="Header Files">
      <UniqueIdentifier>{93995380-89BD-4b04-88EB-625FBE52EBFB}</UniqueIdentifier>
      <Extensions>h;hh;hpp;hxx;hm;inl;inc;xsd</Extensions>
    </Filter>
    <Filter Include="Resource Files">
      <UniqueIdentifier>{D9D6E242-F8AF-46E4-B9FD-80ECBC20BA3E}</UniqueIdentifier>
      <Extensions>qrc;*</Extensions>
      <ParseFiles>false</ParseFiles>
    </Filter>
    <Filter Include="Form Files">
      <UniqueIdentifier>{99349809-55BA-4b9d-BF79-8FDBB0286EB3}</UniqueIdentifier>
      <Extensions>ui</Extensions>
    </Filter>
    <Filter Include="Resource Files">
      <UniqueIdentifier>{D9D6E242-F8AF-46E4-B9FD-80ECBC20BA3E}</UniqueIdentifier>
      <Extensions>qrc;*</Extensions>
      <ParseFiles>false</ParseFiles>
    </Filter>
    <Filter Include="Generated Files">
      <UniqueIdentifier>{71ED8ED8-ACB9-4CE9-BBE1-E00B30144E11}</UniqueIdentifier>
      <Extensions>moc;h;cpp</Extensions>
      <SourceControlFiles>False</SourceControlFiles>
    </Filter>
    <Filter Include="Header Files\Dlg">
      <UniqueIdentifier>{8536b895-275d-43ea-a165-e9d4ba2157a7}</UniqueIdentifier>
    </Filter>
    <Filter Include="Source Files\Dlg">
      <UniqueIdentifier>{7b5c9ec1-2167-4091-affb-9b97e35c4f27}</UniqueIdentifier>
    </Filter>
    <Filter Include="Header Files\Manage">
      <UniqueIdentifier>{6f587e0e-a812-4641-885b-e35e562847f7}</UniqueIdentifier>
    </Filter>
    <Filter Include="Source Files\Manage">
      <UniqueIdentifier>{f5d56017-5003-4a22-a081-3f9f2abf37d4}</UniqueIdentifier>
    </Filter>
    <Filter Include="Header Files\Thread">
      <UniqueIdentifier>{a0364b61-39ba-415f-9117-692fd175bc2b}</UniqueIdentifier>
    </Filter>
    <Filter Include="Source Files\Thread">
      <UniqueIdentifier>{9a66aa60-b5b3-4f60-9cd3-1a03ecd8107f}</UniqueIdentifier>
    </Filter>
  </ItemGroup>
  <ItemGroup>
    <ClCompile Include="main.cpp">
      <Filter>Source Files</Filter>
    </ClCompile>
    <ClCompile Include="ChannelDlg.cpp">
      <Filter>Source Files\Dlg</Filter>
    </ClCompile>
    <ClCompile Include="ChoiceDlg.cpp">
      <Filter>Source Files\Dlg</Filter>
    </ClCompile>
    <ClCompile Include="ScanCodeDlg.cpp">
      <Filter>Source Files\Dlg</Filter>
    </ClCompile>
    <ClCompile Include="SettingDlg.cpp">
      <Filter>Source Files\Dlg</Filter>
    </ClCompile>
    <ClCompile Include="MainDlg.cpp">
      <Filter>Source Files\Dlg</Filter>
    </ClCompile>
    <ClCompile Include="jqcpumonitor.cpp">
      <Filter>Source Files\Manage</Filter>
    </ClCompile>
    <ClCompile Include="JsonTool.cpp">
      <Filter>Source Files\Manage</Filter>
    </ClCompile>
    <ClCompile Include="Isp.cpp">
      <Filter>Source Files\Manage</Filter>
    </ClCompile>
    <ClCompile Include="ThreadHandler.cpp">
      <Filter>Source Files\Thread</Filter>
    </ClCompile>
    <ClCompile Include="AuthDlg.cpp">
      <Filter>Source Files\Dlg</Filter>
    </ClCompile>
  </ItemGroup>
  <ItemGroup>
    <QtMoc Include="ChannelDlg.h">
      <Filter>Header Files\Dlg</Filter>
    </QtMoc>
    <QtMoc Include="ChoiceDlg.h">
      <Filter>Header Files\Dlg</Filter>
    </QtMoc>
    <QtMoc Include="ScanCodeDlg.h">
      <Filter>Header Files\Dlg</Filter>
    </QtMoc>
    <QtMoc Include="SettingDlg.h">
      <Filter>Header Files\Dlg</Filter>
    </QtMoc>
    <QtMoc Include="MainDlg.h">
      <Filter>Header Files\Dlg</Filter>
    </QtMoc>
    <QtMoc Include="jqcpumonitor.h">
      <Filter>Header Files\Manage</Filter>
    </QtMoc>
    <QtMoc Include="JsonTool.h">
      <Filter>Header Files\Manage</Filter>
    </QtMoc>
    <QtMoc Include="ThreadHandler.h">
      <Filter>Header Files\Thread</Filter>
    </QtMoc>
    <QtMoc Include="QMessageBoxEx.h">
      <Filter>Header Files\Dlg</Filter>
    </QtMoc>
    <QtMoc Include="AuthDlg.h">
      <Filter>Header Files\Dlg</Filter>
    </QtMoc>
  </ItemGroup>
  <ItemGroup>
    <QtRcc Include="FlashTool.qrc">
      <Filter>Resource Files</Filter>
    </QtRcc>
  </ItemGroup>
  <ItemGroup>
    <ResourceCompile Include="FlashTool.rc" />
  </ItemGroup>
  <ItemGroup>
    <Image Include="FlashTool.ico" />
  </ItemGroup>
  <ItemGroup>
    <ClInclude Include="resource.h">
      <Filter>Header Files</Filter>
    </ClInclude>
    <ClInclude Include="Isp.h">
      <Filter>Header Files\Manage</Filter>
    </ClInclude>
  </ItemGroup>
  <ItemGroup>
    <QtUic Include="ChannelDlg.ui">
      <Filter>Form Files</Filter>
    </QtUic>
    <QtUic Include="ChoiceDlg.ui">
      <Filter>Form Files</Filter>
    </QtUic>
    <QtUic Include="MainDlg.ui">
      <Filter>Form Files</Filter>
    </QtUic>
    <QtUic Include="ScanCodeDlg.ui">
      <Filter>Form Files</Filter>
    </QtUic>
    <QtUic Include="SettingDlg.ui">
      <Filter>Form Files</Filter>
    </QtUic>
    <QtUic Include="AuthDlg.ui">
      <Filter>Form Files</Filter>
    </QtUic>
  </ItemGroup>
  <ItemGroup>
    <Text Include="修改内容.txt" />
  </ItemGroup>
</Project>