<?xml version="1.0" encoding="utf-8"?>
<Project ToolsVersion="4.0" xmlns="http://schemas.microsoft.com/developer/msbuild/2003">
  <ItemGroup>
    <Filter Include="Source Files">
      <UniqueIdentifier>{4FC737F1-C7A5-4376-A066-2A32D752A2FF}</UniqueIdentifier>
      <Extensions>cpp;c;cc;cxx;def;odl;idl;hpj;bat;asm;asmx</Extensions>
    </Filter>
    <Filter Include="Header Files">
      <UniqueIdentifier>{93995380-89BD-4b04-88EB-625FBE52EBFB}</UniqueIdentifier>
      <Extensions>h;hh;hpp;hxx;hm;inl;inc;xsd</Extensions>
    </Filter>
    <Filter Include="Resource Files">
      <UniqueIdentifier>{D9D6E242-F8AF-46E4-B9FD-80ECBC20BA3E}</UniqueIdentifier>
      <Extensions>qrc;*</Extensions>
      <ParseFiles>false</ParseFiles>
    </Filter>
    <Filter Include="Resource Files">
      <UniqueIdentifier>{D9D6E242-F8AF-46E4-B9FD-80ECBC20BA3E}</UniqueIdentifier>
      <Extensions>qrc;*</Extensions>
      <ParseFiles>false</ParseFiles>
    </Filter>
    <Filter Include="Generated Files">
      <UniqueIdentifier>{71ED8ED8-ACB9-4CE9-BBE1-E00B30144E11}</UniqueIdentifier>
      <Extensions>moc;h;cpp</Extensions>
      <SourceControlFiles>False</SourceControlFiles>
    </Filter>
    <Filter Include="Form Files">
      <UniqueIdentifier>{99349809-55BA-4b9d-BF79-8FDBB0286EB3}</UniqueIdentifier>
      <Extensions>ui</Extensions>
      <ParseFiles>true</ParseFiles>
    </Filter>
    <Filter Include="Header Files\Dialog">
      <UniqueIdentifier>{48bb06e3-8c08-48a3-baea-441c97eafdee}</UniqueIdentifier>
    </Filter>
    <Filter Include="Source Files\Dialog">
      <UniqueIdentifier>{16512026-e2fd-41a0-9a32-1c96444dea55}</UniqueIdentifier>
    </Filter>
    <Filter Include="Header Files\Algorithm">
      <UniqueIdentifier>{85952925-929a-4e88-8125-152c6a9634c5}</UniqueIdentifier>
    </Filter>
    <Filter Include="Source Files\Algorithm">
      <UniqueIdentifier>{63de00b0-21f4-410c-a51c-f2aa02ef3852}</UniqueIdentifier>
    </Filter>
    <Filter Include="Header Files\Manage">
      <UniqueIdentifier>{42b7cbcb-c393-4b18-a5e8-dc83912da5c2}</UniqueIdentifier>
    </Filter>
    <Filter Include="Source Files\Manage">
      <UniqueIdentifier>{cd0329f6-392c-44a0-b9a0-4199151e0204}</UniqueIdentifier>
    </Filter>
    <Filter Include="Header Files\Control">
      <UniqueIdentifier>{fb872078-93e1-478c-8b13-2c160936e0b8}</UniqueIdentifier>
    </Filter>
    <Filter Include="Source Files\Control">
      <UniqueIdentifier>{5119c713-4929-4b14-96a4-243bbc25459f}</UniqueIdentifier>
    </Filter>
    <Filter Include="Header Files\Network">
      <UniqueIdentifier>{b8ecc413-9ecd-41e7-843e-aa9b80727f8d}</UniqueIdentifier>
    </Filter>
    <Filter Include="Source Files\Network">
      <UniqueIdentifier>{95eb3b70-21b7-46a0-983b-0b700a01e0f6}</UniqueIdentifier>
    </Filter>
  </ItemGroup>
  <ItemGroup>
    <ClCompile Include="ScanCodeDlg.cpp">
      <Filter>Source Files\Dialog</Filter>
    </ClCompile>
    <ClCompile Include="SettingDlg.cpp">
      <Filter>Source Files\Dialog</Filter>
    </ClCompile>
    <ClCompile Include="UnlockDlg.cpp">
      <Filter>Source Files\Dialog</Filter>
    </ClCompile>
    <ClCompile Include="RayAxis.cpp">
      <Filter>Source Files\Algorithm</Filter>
    </ClCompile>
    <ClCompile Include="JsonTool.cpp">
      <Filter>Source Files\Manage</Filter>
    </ClCompile>
    <ClCompile Include="QLabelEx.cpp">
      <Filter>Source Files\Control</Filter>
    </ClCompile>
    <ClCompile Include="CanSender.cpp">
      <Filter>Source Files\Manage</Filter>
    </ClCompile>
    <ClCompile Include="Detection.cpp">
      <Filter>Source Files</Filter>
    </ClCompile>
    <ClCompile Include="MainDlg.cpp">
      <Filter>Source Files\Dialog</Filter>
    </ClCompile>
    <ClCompile Include="AuthDlg.cpp">
      <Filter>Source Files\Dialog</Filter>
    </ClCompile>
    <ClCompile Include="SerialPortTool.cpp">
      <Filter>Source Files\Manage</Filter>
    </ClCompile>
    <ClCompile Include="jqcpumonitor.cpp">
      <Filter>Source Files\Manage</Filter>
    </ClCompile>
    <ClCompile Include="Hardware.cpp">
      <Filter>Source Files\Manage</Filter>
    </ClCompile>
    <ClCompile Include="Function.cpp">
      <Filter>Source Files\Manage</Filter>
    </ClCompile>
    <ClCompile Include="UpdateApp.cpp">
      <Filter>Source Files\Network</Filter>
    </ClCompile>
    <ClCompile Include="DownloadDlg.cpp">
      <Filter>Source Files\Dialog</Filter>
    </ClCompile>
    <ClCompile Include="Downloader.cpp">
      <Filter>Source Files\Network</Filter>
    </ClCompile>
    <ClCompile Include="Types.cpp">
      <Filter>Source Files</Filter>
    </ClCompile>
  </ItemGroup>
  <ItemGroup>
    <ClInclude Include="RayAxis.h">
      <Filter>Header Files\Algorithm</Filter>
    </ClInclude>
    <ClInclude Include="CanSender.h">
      <Filter>Header Files\Manage</Filter>
    </ClInclude>
    <ClInclude Include="CanMatrix.hpp">
      <Filter>Header Files\Algorithm</Filter>
    </ClInclude>
  </ItemGroup>
  <ItemGroup>
    <QtMoc Include="ScanCodeDlg.h">
      <Filter>Header Files\Dialog</Filter>
    </QtMoc>
    <QtMoc Include="SettingDlg.h">
      <Filter>Header Files\Dialog</Filter>
    </QtMoc>
    <QtMoc Include="UnlockDlg.h">
      <Filter>Header Files\Dialog</Filter>
    </QtMoc>
    <QtMoc Include="JsonTool.h">
      <Filter>Header Files\Manage</Filter>
    </QtMoc>
    <QtMoc Include="QLabelEx.h">
      <Filter>Header Files\Control</Filter>
    </QtMoc>
    <QtMoc Include="Detection.h">
      <Filter>Header Files</Filter>
    </QtMoc>
    <QtMoc Include="MainDlg.h">
      <Filter>Header Files\Dialog</Filter>
    </QtMoc>
    <QtMoc Include="AuthDlg.h">
      <Filter>Header Files\Dialog</Filter>
    </QtMoc>
    <QtMoc Include="SerialPortTool.h">
      <Filter>Header Files\Manage</Filter>
    </QtMoc>
    <QtMoc Include="QMessageBoxEx.h">
      <Filter>Header Files\Control</Filter>
    </QtMoc>
    <QtMoc Include="jqcpumonitor.h">
      <Filter>Header Files\Manage</Filter>
    </QtMoc>
    <QtMoc Include="Hardware.h">
      <Filter>Header Files\Manage</Filter>
    </QtMoc>
    <QtMoc Include="Function.h">
      <Filter>Header Files\Manage</Filter>
    </QtMoc>
    <QtMoc Include="UpdateApp.h">
      <Filter>Header Files\Network</Filter>
    </QtMoc>
    <QtMoc Include="DownloadDlg.h">
      <Filter>Header Files\Dialog</Filter>
    </QtMoc>
    <QtMoc Include="Downloader.h">
      <Filter>Header Files\Network</Filter>
    </QtMoc>
    <QtMoc Include="Types.h">
      <Filter>Header Files</Filter>
    </QtMoc>
  </ItemGroup>
  <ItemGroup>
    <QtUic Include="SettingDlg.ui">
      <Filter>Form Files</Filter>
    </QtUic>
    <QtUic Include="ScanCodeDlg.ui">
      <Filter>Form Files</Filter>
    </QtUic>
    <QtUic Include="UnlockDlg.ui">
      <Filter>Form Files</Filter>
    </QtUic>
    <QtUic Include="MainDlg.ui">
      <Filter>Form Files</Filter>
    </QtUic>
    <QtUic Include="AuthDlg.ui">
      <Filter>Form Files</Filter>
    </QtUic>
    <QtUic Include="DownloadDlg.ui">
      <Filter>Form Files</Filter>
    </QtUic>
  </ItemGroup>
  <ItemGroup>
    <QtRcc Include="Resource.qrc">
      <Filter>Resource Files</Filter>
    </QtRcc>
  </ItemGroup>
  <ItemGroup>
    <Text Include="修改内容.txt" />
  </ItemGroup>
  <ItemGroup>
    <None Include="cpp.hint">
      <Filter>Source Files</Filter>
    </None>
  </ItemGroup>
</Project>